{
  "name": "logger",
  "version": "1.0.0",
  "lockfileVersion": 2,
  "requires": true,
  "packages": {
    "": {
      "name": "logger",
      "version": "1.0.0",
      "license": "ISC",
      "dependencies": {
        "colors.js": "^1.2.4",
        "dotenv": "^16.0.3",
        "time-stamp": "^2.2.0"
      }
    },
    "node_modules/colors.js": {
      "version": "1.2.4",
      "resolved": "https://registry.npmjs.org/colors.js/-/colors.js-1.2.4.tgz",
      "integrity": "sha512-L0WwXcT55bCbziygKNCYRBfCpSqoDSFTFJ+8PlDBrDB3cyMd9QmAXGNkvNR9ptd5tUXpkHzjBYI7u2I9beW6Cg=="
    },
    "node_modules/dotenv": {
      "version": "16.0.3",
      "resolved": "https://registry.npmjs.org/dotenv/-/dotenv-16.0.3.tgz",
      "integrity": "sha512-7GO6HghkA5fYG9TYnNxi14/7K9f5occMlp3zXAuSxn7CKCxt9xbNWG7yF8hTCSUchlfWSe3uLmlPfigevRItzQ==",
      "engines": {
        "node": ">=12"
      }
    },
    "node_modules/time-stamp": {
      "version": "2.2.0",
      "resolved": "https://registry.npmjs.org/time-stamp/-/time-stamp-2.2.0.tgz",
      "integrity": "sha512-zxke8goJQpBeEgD82CXABeMh0LSJcj7CXEd0OHOg45HgcofF7pxNwZm9+RknpxpDhwN4gFpySkApKfFYfRQnUA==",
      "engines": {
        "node": ">=0.10.0"
      }
    }
  },
  "dependencies": {
    "colors.js": {
      "version": "1.2.4",
      "resolved": "https://registry.npmjs.org/colors.js/-/colors.js-1.2.4.tgz",
      "integrity": "sha512-L0WwXcT55bCbziygKNCYRBfCpSqoDSFTFJ+8PlDBrDB3cyMd9QmAXGNkvNR9ptd5tUXpkHzjBYI7u2I9beW6Cg=="
    },
    "dotenv": {
      "version": "16.0.3",
      "resolved": "https://registry.npmjs.org/dotenv/-/dotenv-16.0.3.tgz",
      "integrity": "sha512-7GO6HghkA5fYG9TYnNxi14/7K9f5occMlp3zXAuSxn7CKCxt9xbNWG7yF8hTCSUchlfWSe3uLmlPfigevRItzQ=="
    },
    "time-stamp": {
      "version": "2.2.0",
      "resolved": "https://registry.npmjs.org/time-stamp/-/time-stamp-2.2.0.tgz",
      "integrity": "sha512-zxke8goJQpBeEgD82CXABeMh0LSJcj7CXEd0OHOg45HgcofF7pxNwZm9+RknpxpDhwN4gFpySkApKfFYfRQnUA=="
    }
  }
}
